
Microsoft Visual Studio Solution File, Format Version 12.00
# Visual Studio 2013
VisualStudioVersion = 12.0.21005.1
MinimumVisualStudioVersion = 10.0.40219.1
Project("{FAE04EC0-301F-11D3-BF4B-00C04F79EFBC}") = "WaveToText", "WaveToText\WaveToText.csproj", "{15BCDB21-F028-43BF-84C8-A941A3E8AEFA}"
EndProject
Project("{FAE04EC0-301F-11D3-BF4B-00C04F79EFBC}") = "WaveLib", "WaveLib\WaveLib.csproj", "{6E15178C-954D-40A6-8D29-57A2252B6C9D}"
EndProject
Project("{FAE04EC0-301F-11D3-BF4B-00C04F79EFBC}") = "ImageSave", "ImageSave\ImageSave.csproj", "{2E02E0B0-B8CA-401E-A26F-3132A76EDE5D}"
EndProject
Global
	GlobalSection(SolutionConfigurationPlatforms) = preSolution
		Debug|Any CPU = Debug|Any CPU
		Debug|Mixed Platforms = Debug|Mixed Platforms
		Debug|x86 = Debug|x86
		Release|Any CPU = Release|Any CPU
		Release|Mixed Platforms = Release|Mixed Platforms
		Release|x86 = Release|x86
	EndGlobalSection
	GlobalSection(ProjectConfigurationPlatforms) = postSolution
		{15BCDB21-F028-43BF-84C8-A941A3E8AEFA}.Debug|Any CPU.ActiveCfg = Debug|x86
		{15BCDB21-F028-43BF-84C8-A941A3E8AEFA}.Debug|Mixed Platforms.ActiveCfg = Debug|x86
		{15BCDB21-F028-43BF-84C8-A941A3E8AEFA}.Debug|Mixed Platforms.Build.0 = Debug|x86
		{15BCDB21-F028-43BF-84C8-A941A3E8AEFA}.Debug|x86.ActiveCfg = Debug|x86
		{15BCDB21-F028-43BF-84C8-A941A3E8AEFA}.Debug|x86.Build.0 = Debug|x86
		{15BCDB21-F028-43BF-84C8-A941A3E8AEFA}.Release|Any CPU.ActiveCfg = Release|x86
		{15BCDB21-F028-43BF-84C8-A941A3E8AEFA}.Release|Mixed Platforms.ActiveCfg = Release|x86
		{15BCDB21-F028-43BF-84C8-A941A3E8AEFA}.Release|Mixed Platforms.Build.0 = Release|x86
		{15BCDB21-F028-43BF-84C8-A941A3E8AEFA}.Release|x86.ActiveCfg = Release|x86
		{15BCDB21-F028-43BF-84C8-A941A3E8AEFA}.Release|x86.Build.0 = Release|x86
		{6E15178C-954D-40A6-8D29-57A2252B6C9D}.Debug|Any CPU.ActiveCfg = Debug|Any CPU
		{6E15178C-954D-40A6-8D29-57A2252B6C9D}.Debug|Any CPU.Build.0 = Debug|Any CPU
		{6E15178C-954D-40A6-8D29-57A2252B6C9D}.Debug|Mixed Platforms.ActiveCfg = Debug|Any CPU
		{6E15178C-954D-40A6-8D29-57A2252B6C9D}.Debug|Mixed Platforms.Build.0 = Debug|Any CPU
		{6E15178C-954D-40A6-8D29-57A2252B6C9D}.Debug|x86.ActiveCfg = Debug|Any CPU
		{6E15178C-954D-40A6-8D29-57A2252B6C9D}.Release|Any CPU.ActiveCfg = Release|Any CPU
		{6E15178C-954D-40A6-8D29-57A2252B6C9D}.Release|Any CPU.Build.0 = Release|Any CPU
		{6E15178C-954D-40A6-8D29-57A2252B6C9D}.Release|Mixed Platforms.ActiveCfg = Release|Any CPU
		{6E15178C-954D-40A6-8D29-57A2252B6C9D}.Release|Mixed Platforms.Build.0 = Release|Any CPU
		{6E15178C-954D-40A6-8D29-57A2252B6C9D}.Release|x86.ActiveCfg = Release|Any CPU
		{2E02E0B0-B8CA-401E-A26F-3132A76EDE5D}.Debug|Any CPU.ActiveCfg = Debug|Any CPU
		{2E02E0B0-B8CA-401E-A26F-3132A76EDE5D}.Debug|Any CPU.Build.0 = Debug|Any CPU
		{2E02E0B0-B8CA-401E-A26F-3132A76EDE5D}.Debug|Mixed Platforms.ActiveCfg = Debug|Any CPU
		{2E02E0B0-B8CA-401E-A26F-3132A76EDE5D}.Debug|Mixed Platforms.Build.0 = Debug|Any CPU
		{2E02E0B0-B8CA-401E-A26F-3132A76EDE5D}.Debug|x86.ActiveCfg = Debug|Any CPU
		{2E02E0B0-B8CA-401E-A26F-3132A76EDE5D}.Release|Any CPU.ActiveCfg = Release|Any CPU
		{2E02E0B0-B8CA-401E-A26F-3132A76EDE5D}.Release|Any CPU.Build.0 = Release|Any CPU
		{2E02E0B0-B8CA-401E-A26F-3132A76EDE5D}.Release|Mixed Platforms.ActiveCfg = Release|Any CPU
		{2E02E0B0-B8CA-401E-A26F-3132A76EDE5D}.Release|Mixed Platforms.Build.0 = Release|Any CPU
		{2E02E0B0-B8CA-401E-A26F-3132A76EDE5D}.Release|x86.ActiveCfg = Release|Any CPU
	EndGlobalSection
	GlobalSection(SolutionProperties) = preSolution
		HideSolutionNode = FALSE
	EndGlobalSection
EndGlobal
